// !$*UTF8*$!
{
	archiveVersion = 1;
	classes = {
	};
	objectVersion = 55;
	objects = {

/* Begin PBXBuildFile section */
		5621E5A7273EBF3C00444FF1 /* ImageLoader.swift in Sources */ = {isa = PBXBuildFile; fileRef = 5621E5A6273EBF3C00444FF1 /* ImageLoader.swift */; };
		5621E5AC273F04B200444FF1 /* URLImage.swift in Sources */ = {isa = PBXBuildFile; fileRef = 5621E5AB273F04B200444FF1 /* URLImage.swift */; };
		5621E5B1273FB9CB00444FF1 /* ShowsData.swift in Sources */ = {isa = PBXBuildFile; fileRef = 5621E5B0273FB9CB00444FF1 /* ShowsData.swift */; };
		5621E5B5273FD2CC00444FF1 /* ShowImageLoader.swift in Sources */ = {isa = PBXBuildFile; fileRef = 5621E5B4273FD2CC00444FF1 /* ShowImageLoader.swift */; };
		5621E5B72740006E00444FF1 /* LatestTvShowData.swift in Sources */ = {isa = PBXBuildFile; fileRef = 5621E5B62740006E00444FF1 /* LatestTvShowData.swift */; };
		5621E5BA274030EC00444FF1 /* Alamofire in Frameworks */ = {isa = PBXBuildFile; productRef = 5621E5B9274030EC00444FF1 /* Alamofire */; };
		5621E5BC2740596700444FF1 /* MovieDetailView.swift in Sources */ = {isa = PBXBuildFile; fileRef = 5621E5BB2740596700444FF1 /* MovieDetailView.swift */; };
		5621E5BE2740598800444FF1 /* ShowDetailView.swift in Sources */ = {isa = PBXBuildFile; fileRef = 5621E5BD2740598800444FF1 /* ShowDetailView.swift */; };
		564D6B81273E508E00104E99 /* GainCodeCaseApp.swift in Sources */ = {isa = PBXBuildFile; fileRef = 564D6B80273E508E00104E99 /* GainCodeCaseApp.swift */; };
		564D6B83273E508E00104E99 /* ContentView.swift in Sources */ = {isa = PBXBuildFile; fileRef = 564D6B82273E508E00104E99 /* ContentView.swift */; };
		564D6B85273E509000104E99 /* Assets.xcassets in Resources */ = {isa = PBXBuildFile; fileRef = 564D6B84273E509000104E99 /* Assets.xcassets */; };
		564D6B88273E509000104E99 /* Preview Assets.xcassets in Resources */ = {isa = PBXBuildFile; fileRef = 564D6B87273E509000104E99 /* Preview Assets.xcassets */; };
		564D6B92273E509000104E99 /* GainCodeCaseTests.swift in Sources */ = {isa = PBXBuildFile; fileRef = 564D6B91273E509000104E99 /* GainCodeCaseTests.swift */; };
		564D6B9C273E509000104E99 /* GainCodeCaseUITests.swift in Sources */ = {isa = PBXBuildFile; fileRef = 564D6B9B273E509000104E99 /* GainCodeCaseUITests.swift */; };
		564D6B9E273E509000104E99 /* GainCodeCaseUITestsLaunchTests.swift in Sources */ = {isa = PBXBuildFile; fileRef = 564D6B9D273E509000104E99 /* GainCodeCaseUITestsLaunchTests.swift */; };
		56EF913D273E709F00056277 /* MoviesData.swift in Sources */ = {isa = PBXBuildFile; fileRef = 56EF913C273E709F00056277 /* MoviesData.swift */; };
/* End PBXBuildFile section */

/* Begin PBXContainerItemProxy section */
		564D6B8E273E509000104E99 /* PBXContainerItemProxy */ = {
			isa = PBXContainerItemProxy;
			containerPortal = 564D6B75273E508E00104E99 /* Project object */;
			proxyType = 1;
			remoteGlobalIDString = 564D6B7C273E508E00104E99;
			remoteInfo = GainCodeCase;
		};
		564D6B98273E509000104E99 /* PBXContainerItemProxy */ = {
			isa = PBXContainerItemProxy;
			containerPortal = 564D6B75273E508E00104E99 /* Project object */;
			proxyType = 1;
			remoteGlobalIDString = 564D6B7C273E508E00104E99;
			remoteInfo = GainCodeCase;
		};
/* End PBXContainerItemProxy section */

/* Begin PBXFileReference section */
		5621E5A6273EBF3C00444FF1 /* ImageLoader.swift */ = {isa = PBXFileReference; lastKnownFileType = sourcecode.swift; path = ImageLoader.swift; sourceTree = "<group>"; };
		5621E5AB273F04B200444FF1 /* URLImage.swift */ = {isa = PBXFileReference; lastKnownFileType = sourcecode.swift; path = URLImage.swift; sourceTree = "<group>"; };
		5621E5B0273FB9CB00444FF1 /* ShowsData.swift */ = {isa = PBXFileReference; lastKnownFileType = sourcecode.swift; path = ShowsData.swift; sourceTree = "<group>"; };
		5621E5B4273FD2CC00444FF1 /* ShowImageLoader.swift */ = {isa = PBXFileReference; lastKnownFileType = sourcecode.swift; path = ShowImageLoader.swift; sourceTree = "<group>"; };
		5621E5B62740006E00444FF1 /* LatestTvShowData.swift */ = {isa = PBXFileReference; lastKnownFileType = sourcecode.swift; path = LatestTvShowData.swift; sourceTree = "<group>"; };
		5621E5BB2740596700444FF1 /* MovieDetailView.swift */ = {isa = PBXFileReference; lastKnownFileType = sourcecode.swift; path = MovieDetailView.swift; sourceTree = "<group>"; };
		5621E5BD2740598800444FF1 /* ShowDetailView.swift */ = {isa = PBXFileReference; lastKnownFileType = sourcecode.swift; path = ShowDetailView.swift; sourceTree = "<group>"; };
		564D6B7D273E508E00104E99 /* GainCodeCase.app */ = {isa = PBXFileReference; explicitFileType = wrapper.application; includeInIndex = 0; path = GainCodeCase.app; sourceTree = BUILT_PRODUCTS_DIR; };
		564D6B80273E508E00104E99 /* GainCodeCaseApp.swift */ = {isa = PBXFileReference; lastKnownFileType = sourcecode.swift; path = GainCodeCaseApp.swift; sourceTree = "<group>"; };
		564D6B82273E508E00104E99 /* ContentView.swift */ = {isa = PBXFileReference; lastKnownFileType = sourcecode.swift; path = ContentView.swift; sourceTree = "<group>"; };
		564D6B84273E509000104E99 /* Assets.xcassets */ = {isa = PBXFileReference; lastKnownFileType = folder.assetcatalog; path = Assets.xcassets; sourceTree = "<group>"; };
		564D6B87273E509000104E99 /* Preview Assets.xcassets */ = {isa = PBXFileReference; lastKnownFileType = folder.assetcatalog; path = "Preview Assets.xcassets"; sourceTree = "<group>"; };
		564D6B8D273E509000104E99 /* GainCodeCaseTests.xctest */ = {isa = PBXFileReference; explicitFileType = wrapper.cfbundle; includeInIndex = 0; path = GainCodeCaseTests.xctest; sourceTree = BUILT_PRODUCTS_DIR; };
		564D6B91273E509000104E99 /* GainCodeCaseTests.swift */ = {isa = PBXFileReference; lastKnownFileType = sourcecode.swift; path = GainCodeCaseTests.swift; sourceTree = "<group>"; };
		564D6B97273E509000104E99 /* GainCodeCaseUITests.xctest */ = {isa = PBXFileReference; explicitFileType = wrapper.cfbundle; includeInIndex = 0; path = GainCodeCaseUITests.xctest; sourceTree = BUILT_PRODUCTS_DIR; };
		564D6B9B273E509000104E99 /* GainCodeCaseUITests.swift */ = {isa = PBXFileReference; lastKnownFileType = sourcecode.swift; path = GainCodeCaseUITests.swift; sourceTree = "<group>"; };
		564D6B9D273E509000104E99 /* GainCodeCaseUITestsLaunchTests.swift */ = {isa = PBXFileReference; lastKnownFileType = sourcecode.swift; path = GainCodeCaseUITestsLaunchTests.swift; sourceTree = "<group>"; };
		56EF913C273E709F00056277 /* MoviesData.swift */ = {isa = PBXFileReference; lastKnownFileType = sourcecode.swift; path = MoviesData.swift; sourceTree = "<group>"; };
/* End PBXFileReference section */

/* Begin PBXFrameworksBuildPhase section */
		564D6B7A273E508E00104E99 /* Frameworks */ = {
			isa = PBXFrameworksBuildPhase;
			buildActionMask = 2147483647;
			files = (
				5621E5BA274030EC00444FF1 /* Alamofire in Frameworks */,
			);
			runOnlyForDeploymentPostprocessing = 0;
		};
		564D6B8A273E509000104E99 /* Frameworks */ = {
			isa = PBXFrameworksBuildPhase;
			buildActionMask = 2147483647;
			files = (
			);
			runOnlyForDeploymentPostprocessing = 0;
		};
		564D6B94273E509000104E99 /* Frameworks */ = {
			isa = PBXFrameworksBuildPhase;
			buildActionMask = 2147483647;
			files = (
			);
			runOnlyForDeploymentPostprocessing = 0;
		};
/* End PBXFrameworksBuildPhase section */

/* Begin PBXGroup section */
		564D6B74273E508E00104E99 = {
			isa = PBXGroup;
			children = (
				564D6B7F273E508E00104E99 /* GainCodeCase */,
				564D6B90273E509000104E99 /* GainCodeCaseTests */,
				564D6B9A273E509000104E99 /* GainCodeCaseUITests */,
				564D6B7E273E508E00104E99 /* Products */,
			);
			sourceTree = "<group>";
		};
		564D6B7E273E508E00104E99 /* Products */ = {
			isa = PBXGroup;
			children = (
				564D6B7D273E508E00104E99 /* GainCodeCase.app */,
				564D6B8D273E509000104E99 /* GainCodeCaseTests.xctest */,
				564D6B97273E509000104E99 /* GainCodeCaseUITests.xctest */,
			);
			name = Products;
			sourceTree = "<group>";
		};
		564D6B7F273E508E00104E99 /* GainCodeCase */ = {
			isa = PBXGroup;
			children = (
				56EF9149273E76EB00056277 /* View */,
				56EF913B273E709000056277 /* Models */,
				564D6B84273E509000104E99 /* Assets.xcassets */,
				564D6B86273E509000104E99 /* Preview Content */,
				5621E5A6273EBF3C00444FF1 /* ImageLoader.swift */,
				5621E5B4273FD2CC00444FF1 /* ShowImageLoader.swift */,
			);
			path = GainCodeCase;
			sourceTree = "<group>";
		};
		564D6B86273E509000104E99 /* Preview Content */ = {
			isa = PBXGroup;
			children = (
				564D6B87273E509000104E99 /* Preview Assets.xcassets */,
			);
			path = "Preview Content";
			sourceTree = "<group>";
		};
		564D6B90273E509000104E99 /* GainCodeCaseTests */ = {
			isa = PBXGroup;
			children = (
				564D6B91273E509000104E99 /* GainCodeCaseTests.swift */,
			);
			path = GainCodeCaseTests;
			sourceTree = "<group>";
		};
		564D6B9A273E509000104E99 /* GainCodeCaseUITests */ = {
			isa = PBXGroup;
			children = (
				564D6B9B273E509000104E99 /* GainCodeCaseUITests.swift */,
				564D6B9D273E509000104E99 /* GainCodeCaseUITestsLaunchTests.swift */,
			);
			path = GainCodeCaseUITests;
			sourceTree = "<group>";
		};
		56EF913B273E709000056277 /* Models */ = {
			isa = PBXGroup;
			children = (
				56EF913C273E709F00056277 /* MoviesData.swift */,
				5621E5B0273FB9CB00444FF1 /* ShowsData.swift */,
				5621E5B62740006E00444FF1 /* LatestTvShowData.swift */,
			);
			path = Models;
			sourceTree = "<group>";
		};
		56EF9149273E76EB00056277 /* View */ = {
			isa = PBXGroup;
			children = (
				564D6B80273E508E00104E99 /* GainCodeCaseApp.swift */,
				564D6B82273E508E00104E99 /* ContentView.swift */,
				5621E5AB273F04B200444FF1 /* URLImage.swift */,
				5621E5BB2740596700444FF1 /* MovieDetailView.swift */,
				5621E5BD2740598800444FF1 /* ShowDetailView.swift */,
			);
			path = View;
			sourceTree = "<group>";
		};
/* End PBXGroup section */

/* Begin PBXNativeTarget section */
		564D6B7C273E508E00104E99 /* GainCodeCase */ = {
			isa = PBXNativeTarget;
			buildConfigurationList = 564D6BA1273E509000104E99 /* Build configuration list for PBXNativeTarget "GainCodeCase" */;
			buildPhases = (
				564D6B79273E508E00104E99 /* Sources */,
				564D6B7A273E508E00104E99 /* Frameworks */,
				564D6B7B273E508E00104E99 /* Resources */,
			);
			buildRules = (
			);
			dependencies = (
			);
			name = GainCodeCase;
			packageProductDependencies = (
				5621E5B9274030EC00444FF1 /* Alamofire */,
			);
			productName = GainCodeCase;
			productReference = 564D6B7D273E508E00104E99 /* GainCodeCase.app */;
			productType = "com.apple.product-type.application";
		};
		564D6B8C273E509000104E99 /* GainCodeCaseTests */ = {
			isa = PBXNativeTarget;
			buildConfigurationList = 564D6BA4273E509000104E99 /* Build configuration list for PBXNativeTarget "GainCodeCaseTests" */;
			buildPhases = (
				564D6B89273E509000104E99 /* Sources */,
				564D6B8A273E509000104E99 /* Frameworks */,
				564D6B8B273E509000104E99 /* Resources */,
			);
			buildRules = (
			);
			dependencies = (
				564D6B8F273E509000104E99 /* PBXTargetDependency */,
			);
			name = GainCodeCaseTests;
			productName = GainCodeCaseTests;
			productReference = 564D6B8D273E509000104E99 /* GainCodeCaseTests.xctest */;
			productType = "com.apple.product-type.bundle.unit-test";
		};
		564D6B96273E509000104E99 /* GainCodeCaseUITests */ = {
			isa = PBXNativeTarget;
			buildConfigurationList = 564D6BA7273E509000104E99 /* Build configuration list for PBXNativeTarget "GainCodeCaseUITests" */;
			buildPhases = (
				564D6B93273E509000104E99 /* Sources */,
				564D6B94273E509000104E99 /* Frameworks */,
				564D6B95273E509000104E99 /* Resources */,
			);
			buildRules = (
			);
			dependencies = (
				564D6B99273E509000104E99 /* PBXTargetDependency */,
			);
			name = GainCodeCaseUITests;
			productName = GainCodeCaseUITests;
			productReference = 564D6B97273E509000104E99 /* GainCodeCaseUITests.xctest */;
			productType = "com.apple.product-type.bundle.ui-testing";
		};
/* End PBXNativeTarget section */

/* Begin PBXProject section */
		564D6B75273E508E00104E99 /* Project object */ = {
			isa = PBXProject;
			attributes = {
				BuildIndependentTargetsInParallel = 1;
				LastSwiftUpdateCheck = 1310;
				LastUpgradeCheck = 1310;
				TargetAttributes = {
					564D6B7C273E508E00104E99 = {
						CreatedOnToolsVersion = 13.1;
					};
					564D6B8C273E509000104E99 = {
						CreatedOnToolsVersion = 13.1;
						TestTargetID = 564D6B7C273E508E00104E99;
					};
					564D6B96273E509000104E99 = {
						CreatedOnToolsVersion = 13.1;
						TestTargetID = 564D6B7C273E508E00104E99;
					};
				};
			};
			buildConfigurationList = 564D6B78273E508E00104E99 /* Build configuration list for PBXProject "GainCodeCase" */;
			compatibilityVersion = "Xcode 13.0";
			developmentRegion = en;
			hasScannedForEncodings = 0;
			knownRegions = (
				en,
				Base,
			);
			mainGroup = 564D6B74273E508E00104E99;
			packageReferences = (
				5621E5B8274030EC00444FF1 /* XCRemoteSwiftPackageReference "Alamofire" */,
			);
			productRefGroup = 564D6B7E273E508E00104E99 /* Products */;
			projectDirPath = "";
			projectRoot = "";
			targets = (
				564D6B7C273E508E00104E99 /* GainCodeCase */,
				564D6B8C273E509000104E99 /* GainCodeCaseTests */,
				564D6B96273E509000104E99 /* GainCodeCaseUITests */,
			);
		};
/* End PBXProject section */

/* Begin PBXResourcesBuildPhase section */
		564D6B7B273E508E00104E99 /* Resources */ = {
			isa = PBXResourcesBuildPhase;
			buildActionMask = 2147483647;
			files = (
				564D6B88273E509000104E99 /* Preview Assets.xcassets in Resources */,
				564D6B85273E509000104E99 /* Assets.xcassets in Resources */,
			);
			runOnlyForDeploymentPostprocessing = 0;
		};
		564D6B8B273E509000104E99 /* Resources */ = {
			isa = PBXResourcesBuildPhase;
			buildActionMask = 2147483647;
			files = (
			);
			runOnlyForDeploymentPostprocessing = 0;
		};
		564D6B95273E509000104E99 /* Resources */ = {
			isa = PBXResourcesBuildPhase;
			buildActionMask = 2147483647;
			files = (
			);
			runOnlyForDeploymentPostprocessing = 0;
		};
/* End PBXResourcesBuildPhase section */

/* Begin PBXSourcesBuildPhase section */
		564D6B79273E508E00104E99 /* Sources */ = {
			isa = PBXSourcesBuildPhase;
			buildActionMask = 2147483647;
			files = (
				5621E5B1273FB9CB00444FF1 /* ShowsData.swift in Sources */,
				5621E5A7273EBF3C00444FF1 /* ImageLoader.swift in Sources */,
				5621E5B72740006E00444FF1 /* LatestTvShowData.swift in Sources */,
				5621E5BC2740596700444FF1 /* MovieDetailView.swift in Sources */,
				564D6B83273E508E00104E99 /* ContentView.swift in Sources */,
				5621E5B5273FD2CC00444FF1 /* ShowImageLoader.swift in Sources */,
				564D6B81273E508E00104E99 /* GainCodeCaseApp.swift in Sources */,
				5621E5AC273F04B200444FF1 /* URLImage.swift in Sources */,
				5621E5BE2740598800444FF1 /* ShowDetailView.swift in Sources */,
				56EF913D273E709F00056277 /* MoviesData.swift in Sources */,
			);
			runOnlyForDeploymentPostprocessing = 0;
		};
		564D6B89273E509000104E99 /* Sources */ = {
			isa = PBXSourcesBuildPhase;
			buildActionMask = 2147483647;
			files = (
				564D6B92273E509000104E99 /* GainCodeCaseTests.swift in Sources */,
			);
			runOnlyForDeploymentPostprocessing = 0;
		};
		564D6B93273E509000104E99 /* Sources */ = {
			isa = PBXSourcesBuildPhase;
			buildActionMask = 2147483647;
			files = (
				564D6B9E273E509000104E99 /* GainCodeCaseUITestsLaunchTests.swift in Sources */,
				564D6B9C273E509000104E99 /* GainCodeCaseUITests.swift in Sources */,
			);
			runOnlyForDeploymentPostprocessing = 0;
		};
/* End PBXSourcesBuildPhase section */

/* Begin PBXTargetDependency section */
		564D6B8F273E509000104E99 /* PBXTargetDependency */ = {
			isa = PBXTargetDependency;
			target = 564D6B7C273E508E00104E99 /* GainCodeCase */;
			targetProxy = 564D6B8E273E509000104E99 /* PBXContainerItemProxy */;
		};
		564D6B99273E509000104E99 /* PBXTargetDependency */ = {
			isa = PBXTargetDependency;
			target = 564D6B7C273E508E00104E99 /* GainCodeCase */;
			targetProxy = 564D6B98273E509000104E99 /* PBXContainerItemProxy */;
		};
/* End PBXTargetDependency section */

/* Begin XCBuildConfiguration section */
		564D6B9F273E509000104E99 /* Debug */ = {
			isa = XCBuildConfiguration;
			buildSettings = {
				ALWAYS_SEARCH_USER_PATHS = NO;
				CLANG_ANALYZER_NONNULL = YES;
				CLANG_ANALYZER_NUMBER_OBJECT_CONVERSION = YES_AGGRESSIVE;
				CLANG_CXX_LANGUAGE_STANDARD = "gnu++17";
				CLANG_CXX_LIBRARY = "libc++";
				CLANG_ENABLE_MODULES = YES;
				CLANG_ENABLE_OBJC_ARC = YES;
				CLANG_ENABLE_OBJC_WEAK = YES;
				CLANG_WARN_BLOCK_CAPTURE_AUTORELEASING = YES;
				CLANG_WARN_BOOL_CONVERSION = YES;
				CLANG_WARN_COMMA = YES;
				CLANG_WARN_CONSTANT_CONVERSION = YES;
				CLANG_WARN_DEPRECATED_OBJC_IMPLEMENTATIONS = YES;
				CLANG_WARN_DIRECT_OBJC_ISA_USAGE = YES_ERROR;
				CLANG_WARN_DOCUMENTATION_COMMENTS = YES;
				CLANG_WARN_EMPTY_BODY = YES;
				CLANG_WARN_ENUM_CONVERSION = YES;
				CLANG_WARN_INFINITE_RECURSION = YES;
				CLANG_WARN_INT_CONVERSION = YES;
				CLANG_WARN_NON_LITERAL_NULL_CONVERSION = YES;
				CLANG_WARN_OBJC_IMPLICIT_RETAIN_SELF = YES;
				CLANG_WARN_OBJC_LITERAL_CONVERSION = YES;
				CLANG_WARN_OBJC_ROOT_CLASS = YES_ERROR;
				CLANG_WARN_QUOTED_INCLUDE_IN_FRAMEWORK_HEADER = YES;
				CLANG_WARN_RANGE_LOOP_ANALYSIS = YES;
				CLANG_WARN_STRICT_PROTOTYPES = YES;
				CLANG_WARN_SUSPICIOUS_MOVE = YES;
				CLANG_WARN_UNGUARDED_AVAILABILITY = YES_AGGRESSIVE;
				CLANG_WARN_UNREACHABLE_CODE = YES;
				CLANG_WARN__DUPLICATE_METHOD_MATCH = YES;
				COPY_PHASE_STRIP = NO;
				DEBUG_INFORMATION_FORMAT = dwarf;
				ENABLE_STRICT_OBJC_MSGSEND = YES;
				ENABLE_TESTABILITY = YES;
				GCC_C_LANGUAGE_STANDARD = gnu11;
				GCC_DYNAMIC_NO_PIC = NO;
				GCC_NO_COMMON_BLOCKS = YES;
				GCC_OPTIMIZATION_LEVEL = 0;
				GCC_PREPROCESSOR_DEFINITIONS = (
					"DEBUG=1",
					"$(inherited)",
				);
				GCC_WARN_64_TO_32_BIT_CONVERSION = YES;
				GCC_WARN_ABOUT_RETURN_TYPE = YES_ERROR;
				GCC_WARN_UNDECLARED_SELECTOR = YES;
				GCC_WARN_UNINITIALIZED_AUTOS = YES_AGGRESSIVE;
				GCC_WARN_UNUSED_FUNCTION = YES;
				GCC_WARN_UNUSED_VARIABLE = YES;
				IPHONEOS_DEPLOYMENT_TARGET = 15.0;
				MTL_ENABLE_DEBUG_INFO = INCLUDE_SOURCE;
				MTL_FAST_MATH = YES;
				ONLY_ACTIVE_ARCH = YES;
				SDKROOT = iphoneos;
				SWIFT_ACTIVE_COMPILATION_CONDITIONS = DEBUG;
				SWIFT_OPTIMIZATION_LEVEL = "-Onone";
			};
			name = Debug;
		};
		564D6BA0273E509000104E99 /* Release */ = {
			isa = XCBuildConfiguration;
			buildSettings = {
				ALWAYS_SEARCH_USER_PATHS = NO;
				CLANG_ANALYZER_NONNULL = YES;
				CLANG_ANALYZER_NUMBER_OBJECT_CONVERSION = YES_AGGRESSIVE;
				CLANG_CXX_LANGUAGE_STANDARD = "gnu++17";
				CLANG_CXX_LIBRARY = "libc++";
				CLANG_ENABLE_MODULES = YES;
				CLANG_ENABLE_OBJC_ARC = YES;
				CLANG_ENABLE_OBJC_WEAK = YES;
				CLANG_WARN_BLOCK_CAPTURE_AUTORELEASING = YES;
				CLANG_WARN_BOOL_CONVERSION = YES;
				CLANG_WARN_COMMA = YES;
				CLANG_WARN_CONSTANT_CONVERSION = YES;
				CLANG_WARN_DEPRECATED_OBJC_IMPLEMENTATIONS = YES;
				CLANG_WARN_DIRECT_OBJC_ISA_USAGE = YES_ERROR;
				CLANG_WARN_DOCUMENTATION_COMMENTS = YES;
				CLANG_WARN_EMPTY_BODY = YES;
				CLANG_WARN_ENUM_CONVERSION = YES;
				CLANG_WARN_INFINITE_RECURSION = YES;
				CLANG_WARN_INT_CONVERSION = YES;
				CLANG_WARN_NON_LITERAL_NULL_CONVERSION = YES;
				CLANG_WARN_OBJC_IMPLICIT_RETAIN_SELF = YES;
				CLANG_WARN_OBJC_LITERAL_CONVERSION = YES;
				CLANG_WARN_OBJC_ROOT_CLASS = YES_ERROR;
				CLANG_WARN_QUOTED_INCLUDE_IN_FRAMEWORK_HEADER = YES;
				CLANG_WARN_RANGE_LOOP_ANALYSIS = YES;
				CLANG_WARN_STRICT_PROTOTYPES = YES;
				CLANG_WARN_SUSPICIOUS_MOVE = YES;
				CLANG_WARN_UNGUARDED_AVAILABILITY = YES_AGGRESSIVE;
				CLANG_WARN_UNREACHABLE_CODE = YES;
				CLANG_WARN__DUPLICATE_METHOD_MATCH = YES;
				COPY_PHASE_STRIP = NO;
				DEBUG_INFORMATION_FORMAT = "dwarf-with-dsym";
				ENABLE_NS_ASSERTIONS = NO;
				ENABLE_STRICT_OBJC_MSGSEND = YES;
				GCC_C_LANGUAGE_STANDARD = gnu11;
				GCC_NO_COMMON_BLOCKS = YES;
				GCC_WARN_64_TO_32_BIT_CONVERSION = YES;
				GCC_WARN_ABOUT_RETURN_TYPE = YES_ERROR;
				GCC_WARN_UNDECLARED_SELECTOR = YES;
				GCC_WARN_UNINITIALIZED_AUTOS = YES_AGGRESSIVE;
				GCC_WARN_UNUSED_FUNCTION = YES;
				GCC_WARN_UNUSED_VARIABLE = YES;
				IPHONEOS_DEPLOYMENT_TARGET = 15.0;
				MTL_ENABLE_DEBUG_INFO = NO;
				MTL_FAST_MATH = YES;
				SDKROOT = iphoneos;
				SWIFT_COMPILATION_MODE = wholemodule;
				SWIFT_OPTIMIZATION_LEVEL = "-O";
				VALIDATE_PRODUCT = YES;
			};
			name = Release;
		};
		564D6BA2273E509000104E99 /* Debug */ = {
			isa = XCBuildConfiguration;
			buildSettings = {
				ASSETCATALOG_COMPILER_APPICON_NAME = AppIcon;
				ASSETCATALOG_COMPILER_GLOBAL_ACCENT_COLOR_NAME = AccentColor;
				CODE_SIGN_STYLE = Automatic;
				CURRENT_PROJECT_VERSION = 1;
				DEVELOPMENT_ASSET_PATHS = "\"GainCodeCase/Preview Content\"";
				DEVELOPMENT_TEAM = QK8LY36SC5;
				ENABLE_PREVIEWS = YES;
				GENERATE_INFOPLIST_FILE = YES;
				INFOPLIST_KEY_UIApplicationSceneManifest_Generation = YES;
				INFOPLIST_KEY_UIApplicationSupportsIndirectInputEvents = YES;
				INFOPLIST_KEY_UILaunchScreen_Generation = YES;
				INFOPLIST_KEY_UISupportedInterfaceOrientations_iPad = "UIInterfaceOrientationPortrait UIInterfaceOrientationPortraitUpsideDown UIInterfaceOrientationLandscapeLeft UIInterfaceOrientationLandscapeRight";
				INFOPLIST_KEY_UISupportedInterfaceOrientations_iPhone = "UIInterfaceOrientationPortrait UIInterfaceOrientationLandscapeLeft UIInterfaceOrientationLandscapeRight";
				LD_RUNPATH_SEARCH_PATHS = (
					"$(inherited)",
					"@executable_path/Frameworks",
				);
				MARKETING_VERSION = 1.0;
				PRODUCT_BUNDLE_IDENTIFIER = com.egeseckin.GainCodeCase;
				PRODUCT_NAME = "$(TARGET_NAME)";
				SWIFT_EMIT_LOC_STRINGS = YES;
				SWIFT_VERSION = 5.0;
				TARGETED_DEVICE_FAMILY = "1,2";
			};
			name = Debug;
		};
		564D6BA3273E509000104E99 /* Release */ = {
			isa = XCBuildConfiguration;
			buildSettings = {
				ASSETCATALOG_COMPILER_APPICON_NAME = AppIcon;
				ASSETCATALOG_COMPILER_GLOBAL_ACCENT_COLOR_NAME = AccentColor;
				CODE_SIGN_STYLE = Automatic;
				CURRENT_PROJECT_VERSION = 1;
				DEVELOPMENT_ASSET_PATHS = "\"GainCodeCase/Preview Content\"";
				DEVELOPMENT_TEAM = QK8LY36SC5;
				ENABLE_PREVIEWS = YES;
				GENERATE_INFOPLIST_FILE = YES;
				INFOPLIST_KEY_UIApplicationSceneManifest_Generation = YES;
				INFOPLIST_KEY_UIApplicationSupportsIndirectInputEvents = YES;
				INFOPLIST_KEY_UILaunchScreen_Generation = YES;
				INFOPLIST_KEY_UISupportedInterfaceOrientations_iPad = "UIInterfaceOrientationPortrait UIInterfaceOrientationPortraitUpsideDown UIInterfaceOrientationLandscapeLeft UIInterfaceOrientationLandscapeRight";
				INFOPLIST_KEY_UISupportedInterfaceOrientations_iPhone = "UIInterfaceOrientationPortrait UIInterfaceOrientationLandscapeLeft UIInterfaceOrientationLandscapeRight";
				LD_RUNPATH_SEARCH_PATHS = (
					"$(inherited)",
					"@executable_path/Frameworks",
				);
				MARKETING_VERSION = 1.0;
				PRODUCT_BUNDLE_IDENTIFIER = com.egeseckin.GainCodeCase;
				PRODUCT_NAME = "$(TARGET_NAME)";
				SWIFT_EMIT_LOC_STRINGS = YES;
				SWIFT_VERSION = 5.0;
				TARGETED_DEVICE_FAMILY = "1,2";
			};
			name = Release;
		};
		564D6BA5273E509000104E99 /* Debug */ = {
			isa = XCBuildConfiguration;
			buildSettings = {
				ALWAYS_EMBED_SWIFT_STANDARD_LIBRARIES = YES;
				BUNDLE_LOADER = "$(TEST_HOST)";
				CODE_SIGN_STYLE = Automatic;
				CURRENT_PROJECT_VERSION = 1;
				DEVELOPMENT_TEAM = QK8LY36SC5;
				GENERATE_INFOPLIST_FILE = YES;
				IPHONEOS_DEPLOYMENT_TARGET = 15.0;
				LD_RUNPATH_SEARCH_PATHS = (
					"$(inherited)",
					"@executable_path/Frameworks",
					"@loader_path/Frameworks",
				);
				MARKETING_VERSION = 1.0;
				PRODUCT_BUNDLE_IDENTIFIER = com.egeseckin.GainCodeCaseTests;
				PRODUCT_NAME = "$(TARGET_NAME)";
				SWIFT_EMIT_LOC_STRINGS = NO;
				SWIFT_VERSION = 5.0;
				TARGETED_DEVICE_FAMILY = "1,2";
				TEST_HOST = "$(BUILT_PRODUCTS_DIR)/GainCodeCase.app/GainCodeCase";
			};
			name = Debug;
		};
		564D6BA6273E509000104E99 /* Release */ = {
			isa = XCBuildConfiguration;
			buildSettings = {
				ALWAYS_EMBED_SWIFT_STANDARD_LIBRARIES = YES;
				BUNDLE_LOADER = "$(TEST_HOST)";
				CODE_SIGN_STYLE = Automatic;
				CURRENT_PROJECT_VERSION = 1;
				DEVELOPMENT_TEAM = QK8LY36SC5;
				GENERATE_INFOPLIST_FILE = YES;
				IPHONEOS_DEPLOYMENT_TARGET = 15.0;
				LD_RUNPATH_SEARCH_PATHS = (
					"$(inherited)",
					"@executable_path/Frameworks",
					"@loader_path/Frameworks",
				);
				MARKETING_VERSION = 1.0;
				PRODUCT_BUNDLE_IDENTIFIER = com.egeseckin.GainCodeCaseTests;
				PRODUCT_NAME = "$(TARGET_NAME)";
				SWIFT_EMIT_LOC_STRINGS = NO;
				SWIFT_VERSION = 5.0;
				TARGETED_DEVICE_FAMILY = "1,2";
				TEST_HOST = "$(BUILT_PRODUCTS_DIR)/GainCodeCase.app/GainCodeCase";
			};
			name = Release;
		};
		564D6BA8273E509000104E99 /* Debug */ = {
			isa = XCBuildConfiguration;
			buildSettings = {
				ALWAYS_EMBED_SWIFT_STANDARD_LIBRARIES = YES;
				CODE_SIGN_STYLE = Automatic;
				CURRENT_PROJECT_VERSION = 1;
				DEVELOPMENT_TEAM = QK8LY36SC5;
				GENERATE_INFOPLIST_FILE = YES;
				LD_RUNPATH_SEARCH_PATHS = (
					"$(inherited)",
					"@executable_path/Frameworks",
					"@loader_path/Frameworks",
				);
				MARKETING_VERSION = 1.0;
				PRODUCT_BUNDLE_IDENTIFIER = com.egeseckin.GainCodeCaseUITests;
				PRODUCT_NAME = "$(TARGET_NAME)";
				SWIFT_EMIT_LOC_STRINGS = NO;
				SWIFT_VERSION = 5.0;
				TARGETED_DEVICE_FAMILY = "1,2";
				TEST_TARGET_NAME = GainCodeCase;
			};
			name = Debug;
		};
		564D6BA9273E509000104E99 /* Release */ = {
			isa = XCBuildConfiguration;
			buildSettings = {
				ALWAYS_EMBED_SWIFT_STANDARD_LIBRARIES = YES;
				CODE_SIGN_STYLE = Automatic;
				CURRENT_PROJECT_VERSION = 1;
				DEVELOPMENT_TEAM = QK8LY36SC5;
				GENERATE_INFOPLIST_FILE = YES;
				LD_RUNPATH_SEARCH_PATHS = (
					"$(inherited)",
					"@executable_path/Frameworks",
					"@loader_path/Frameworks",
				);
				MARKETING_VERSION = 1.0;
				PRODUCT_BUNDLE_IDENTIFIER = com.egeseckin.GainCodeCaseUITests;
				PRODUCT_NAME = "$(TARGET_NAME)";
				SWIFT_EMIT_LOC_STRINGS = NO;
				SWIFT_VERSION = 5.0;
				TARGETED_DEVICE_FAMILY = "1,2";
				TEST_TARGET_NAME = GainCodeCase;
			};
			name = Release;
		};
/* End XCBuildConfiguration section */

/* Begin XCConfigurationList section */
		564D6B78273E508E00104E99 /* Build configuration list for PBXProject "GainCodeCase" */ = {
			isa = XCConfigurationList;
			buildConfigurations = (
				564D6B9F273E509000104E99 /* Debug */,
				564D6BA0273E509000104E99 /* Release */,
			);
			defaultConfigurationIsVisible = 0;
			defaultConfigurationName = Release;
		};
		564D6BA1273E509000104E99 /* Build configuration list for PBXNativeTarget "GainCodeCase" */ = {
			isa = XCConfigurationList;
			buildConfigurations = (
				564D6BA2273E509000104E99 /* Debug */,
				564D6BA3273E509000104E99 /* Release */,
			);
			defaultConfigurationIsVisible = 0;
			defaultConfigurationName = Release;
		};
		564D6BA4273E509000104E99 /* Build configuration list for PBXNativeTarget "GainCodeCaseTests" */ = {
			isa = XCConfigurationList;
			buildConfigurations = (
				564D6BA5273E509000104E99 /* Debug */,
				564D6BA6273E509000104E99 /* Release */,
			);
			defaultConfigurationIsVisible = 0;
			defaultConfigurationName = Release;
		};
		564D6BA7273E509000104E99 /* Build configuration list for PBXNativeTarget "GainCodeCaseUITests" */ = {
			isa = XCConfigurationList;
			buildConfigurations = (
				564D6BA8273E509000104E99 /* Debug */,
				564D6BA9273E509000104E99 /* Release */,
			);
			defaultConfigurationIsVisible = 0;
			defaultConfigurationName = Release;
		};
/* End XCConfigurationList section */

/* Begin XCRemoteSwiftPackageReference section */
		5621E5B8274030EC00444FF1 /* XCRemoteSwiftPackageReference "Alamofire" */ = {
			isa = XCRemoteSwiftPackageReference;
			repositoryURL = "https://github.com/Alamofire/Alamofire.git";
			requirement = {
				branch = master;
				kind = branch;
			};
		};
/* End XCRemoteSwiftPackageReference section */

/* Begin XCSwiftPackageProductDependency section */
		5621E5B9274030EC00444FF1 /* Alamofire */ = {
			isa = XCSwiftPackageProductDependency;
			package = 5621E5B8274030EC00444FF1 /* XCRemoteSwiftPackageReference "Alamofire" */;
			productName = Alamofire;
		};
/* End XCSwiftPackageProductDependency section */
	};
	rootObject = 564D6B75273E508E00104E99 /* Project object */;
}
